
Microsoft Visual Studio Solution File, Format Version 12.00
# Visual Studio Version 16
VisualStudioVersion = 16.0.30621.155
MinimumVisualStudioVersion = 10.0.40219.1
Project("{FAE04EC0-301F-11D3-BF4B-00C04F79EFBC}") = "RND_Console_GuessingGame", "RND_Console_GuessingGame\RND_Console_GuessingGame.csproj", "{FADE981E-90C6-4ACC-930B-0543406B9FAA}"
EndProject
Global
	GlobalSection(SolutionConfigurationPlatforms) = preSolution
		Debug|Any CPU = Debug|Any CPU
		Release|Any CPU = Release|Any CPU
	EndGlobalSection
	GlobalSection(ProjectConfigurationPlatforms) = postSolution
		{FADE981E-90C6-4ACC-930B-0543406B9FAA}.Debug|Any CPU.ActiveCfg = Debug|Any CPU
		{FADE981E-90C6-4ACC-930B-0543406B9FAA}.Debug|Any CPU.Build.0 = Debug|Any CPU
		{FADE981E-90C6-4ACC-930B-0543406B9FAA}.Release|Any CPU.ActiveCfg = Release|Any CPU
		{FADE981E-90C6-4ACC-930B-0543406B9FAA}.Release|Any CPU.Build.0 = Release|Any CPU
	EndGlobalSection
	GlobalSection(SolutionProperties) = preSolution
		HideSolutionNode = FALSE
	EndGlobalSection
	GlobalSection(ExtensibilityGlobals) = postSolution
		SolutionGuid = {CEADB853-0635-4711-9B7C-23C2F1C7AF44}
	EndGlobalSection
EndGlobal
